
Microsoft Visual Studio Solution File, Format Version 12.00
# Visual Studio Version 17
VisualStudioVersion = 17.2.32616.157
MinimumVisualStudioVersion = 10.0.40219.1
Project("{FAE04EC0-301F-11D3-BF4B-00C04F79EFBC}") = "EntityFrameworkCoreExample", "EntityFrameworkCoreExample\EntityFrameworkCoreExample.csproj", "{853F38D5-7DAC-44B0-9E41-A7C87514223F}"
EndProject
Global
	GlobalSection(SolutionConfigurationPlatforms) = preSolution
		Debug|Any CPU = Debug|Any CPU
		Release|Any CPU = Release|Any CPU
	EndGlobalSection
	GlobalSection(ProjectConfigurationPlatforms) = postSolution
		{853F38D5-7DAC-44B0-9E41-A7C87514223F}.Debug|Any CPU.ActiveCfg = Debug|Any CPU
		{853F38D5-7DAC-44B0-9E41-A7C87514223F}.Debug|Any CPU.Build.0 = Debug|Any CPU
		{853F38D5-7DAC-44B0-9E41-A7C87514223F}.Release|Any CPU.ActiveCfg = Release|Any CPU
		{853F38D5-7DAC-44B0-9E41-A7C87514223F}.Release|Any CPU.Build.0 = Release|Any CPU
	EndGlobalSection
	GlobalSection(SolutionProperties) = preSolution
		HideSolutionNode = FALSE
	EndGlobalSection
	GlobalSection(ExtensibilityGlobals) = postSolution
		SolutionGuid = {5C7852C2-4FF7-4309-9E4A-0A1B44F7187F}
	EndGlobalSection
EndGlobal
